
Microsoft Visual Studio Solution File, Format Version 12.00
# Visual Studio Version 17
VisualStudioVersion = 17.5.002.0
MinimumVisualStudioVersion = 10.0.40219.1
Project("{9A19103F-16F7-4668-BE54-9A1E7A4F7556}") = "Ims", "Ims.csproj", "{3FA854A7-8FA9-4897-9BA9-07FBB063731A}"
EndProject
Global
	GlobalSection(SolutionConfigurationPlatforms) = preSolution
		Debug|Any CPU = Debug|Any CPU
		Release|Any CPU = Release|Any CPU
	EndGlobalSection
	GlobalSection(ProjectConfigurationPlatforms) = postSolution
		{3FA854A7-8FA9-4897-9BA9-07FBB063731A}.Debug|Any CPU.ActiveCfg = Debug|Any CPU
		{3FA854A7-8FA9-4897-9BA9-07FBB063731A}.Debug|Any CPU.Build.0 = Debug|Any CPU
		{3FA854A7-8FA9-4897-9BA9-07FBB063731A}.Release|Any CPU.ActiveCfg = Release|Any CPU
		{3FA854A7-8FA9-4897-9BA9-07FBB063731A}.Release|Any CPU.Build.0 = Release|Any CPU
	EndGlobalSection
	GlobalSection(SolutionProperties) = preSolution
		HideSolutionNode = FALSE
	EndGlobalSection
	GlobalSection(ExtensibilityGlobals) = postSolution
		SolutionGuid = {2288BFC5-A92B-4C24-ACCB-7EA21D43C103}
	EndGlobalSection
EndGlobal
